
Microsoft Visual Studio Solution File, Format Version 12.00
# Visual Studio Version 16
VisualStudioVersion = 16.0.31205.134
MinimumVisualStudioVersion = 10.0.40219.1
Project("{FAE04EC0-301F-11D3-BF4B-00C04F79EFBC}") = "SSO", "SSO\SSO.csproj", "{40AE1BDE-0C1A-4557-ABB6-A4DDA3E43687}"
EndProject
Global
	GlobalSection(SolutionConfigurationPlatforms) = preSolution
		Debug|Any CPU = Debug|Any CPU
		Release|Any CPU = Release|Any CPU
	EndGlobalSection
	GlobalSection(ProjectConfigurationPlatforms) = postSolution
		{40AE1BDE-0C1A-4557-ABB6-A4DDA3E43687}.Debug|Any CPU.ActiveCfg = Debug|Any CPU
		{40AE1BDE-0C1A-4557-ABB6-A4DDA3E43687}.Debug|Any CPU.Build.0 = Debug|Any CPU
		{40AE1BDE-0C1A-4557-ABB6-A4DDA3E43687}.Release|Any CPU.ActiveCfg = Release|Any CPU
		{40AE1BDE-0C1A-4557-ABB6-A4DDA3E43687}.Release|Any CPU.Build.0 = Release|Any CPU
	EndGlobalSection
	GlobalSection(SolutionProperties) = preSolution
		HideSolutionNode = FALSE
	EndGlobalSection
	GlobalSection(ExtensibilityGlobals) = postSolution
		SolutionGuid = {B01ED63A-9095-4C60-B42D-E4F7482EFD6E}
	EndGlobalSection
EndGlobal
